# This file is generated by running "yarn install" inside your project.
# Manual changes might be lost - proceed with caution!

__metadata:
  version: 8
  cacheKey: 10c0

"@aws-sdk/core@npm:^3.977.8":
  version: 3.977.8
  resolution: "@aws-sdk/core@npm:3.977.8"
  dependencies:
    "@aws-sdk/types": "npm:^3.974.4"
    "@aws-sdk/xml-builder": "npm:^3.972.39"
    "@aws/lambda-invoke-store": "npm:^0.3.0"
    "@smithy/core": "npm:^3.31.1"
    "@smithy/signature-v4": "npm:^5.6.12"
    "@smithy/types": "npm:^4.16.1"
    bowser: "npm:^2.11.0"
    tslib: "npm:^2.6.2"
  checksum: 10c0/54eb6fb07240ffe0af5d9dbf401b6b5de2da019be5f4aa82aa8326a2fcc2403ffe857dee801039bff54bf9aa1829533d228eff27192aeff80cda840b46f6dbc4
  languageName: node
  linkType: hard

"@aws-sdk/credential-provider-cognito-identity@npm:^3.972.68":
  version: 3.972.68
  resolution: "@aws-sdk/credential-provider-cognito-identity@npm:3.972.68"
  dependencies:
    "@aws-sdk/nested-clients": "npm:^3.997.43"
    "@aws-sdk/types": "npm:^3.974.4"
    "@smithy/core": "npm:^3.31.1"
    "@smithy/types": "npm:^4.16.1"
    tslib: "npm:^2.6.2"
  checksum: 10c0/3ead77bf7ae8c436ce6289cadf24e44254d07f42c59691eadbf80c9ab8020627c1e6e08d5b710ab5e8d1c415d692c1d068d4d0f07fa112198f73027d0fe82017
  languageName: node
  linkType: hard

"@aws-sdk/credential-provider-env@npm:^3.972.69":
  version: 3.972.69
  resolution: "@aws-sdk/credential-provider-env@npm:3.972.69"
  dependencies:
    "@aws-sdk/core": "npm:^3.977.8"
    "@aws-sdk/types": "npm:^3.974.4"
    "@smithy/core": "npm:^3.31.1"
    "@smithy/types": "npm:^4.16.1"
    tslib: "npm:^2.6.2"
  checksum: 10c0/c81fd8fb18ecd49db7ee2b0793bfbf0ab232c5e4dca3d4b9529df88b830cd5bbc86fa6a52c8f2baabb1b6ebbe1a0e07134e2132e2b32f2bd55aa1e125bcacdec
  languageName: node
  linkType: hard

"@aws-sdk/credential-provider-http@npm:^3.972.71":
  version: 3.972.71
  resolution: "@aws-sdk/credential-provider-http@npm:3.972.71"
  dependencies:
    "@aws-sdk/core": "npm:^3.977.8"
    "@aws-sdk/types": "npm:^3.974.4"
    "@smithy/core": "npm:^3.31.1"
    "@smithy/fetch-http-handler": "npm:^5.6.13"
    "@smithy/node-http-handler": "npm:^4.9.13"
    "@smithy/types": "npm:^4.16.1"
    tslib: "npm:^2.6.2"
  checksum: 10c0/b57f2fea7cb6fc38f3ce0369cb6b3a39f2789757838c25b44c0797676353a9ccbcb215ad9c3d5288ce5d8fbea0c34c04d0b884c6adcee1c6d7ebced986b0dd15
  languageName: node
  linkType: hard

"@aws-sdk/credential-provider-ini@npm:^3.973.14":
  version: 3.973.14
  resolution: "@aws-sdk/credential-provider-ini@npm:3.973.14"
  dependencies:
    "@aws-sdk/core": "npm:^3.977.8"
    "@aws-sdk/credential-provider-env": "npm:^3.972.69"
    "@aws-sdk/credential-provider-http": "npm:^3.972.71"
    "@aws-sdk/credential-provider-login": "npm:^3.972.76"
    "@aws-sdk/credential-provider-process": "npm:^3.972.69"
    "@aws-sdk/credential-provider-sso": "npm:^3.973.13"
    "@aws-sdk/credential-provider-web-identity": "npm:^3.972.75"
    "@aws-sdk/nested-clients": "npm:^3.997.43"
    "@aws-sdk/types": "npm:^3.974.4"
    "@smithy/core": "npm:^3.31.1"
    "@smithy/credential-provider-imds": "npm:^4.4.16"
    "@smithy/types": "npm:^4.16.1"
    tslib: "npm:^2.6.2"
  checksum: 10c0/1925d730eb675cb1ef95e35e58964ed61a8ff817e6297176eaf59e3d51cdbf0e8d3f5725637785edf097143bf7ecddd83b4a5b9fbcdeded627d0239738a290e6
  languageName: node
  linkType: hard

"@aws-sdk/credential-provider-login@npm:^3.972.76":
  version: 3.972.76
  resolution: "@aws-sdk/credential-provider-login@npm:3.972.76"
  dependencies:
    "@aws-sdk/core": "npm:^3.977.8"
    "@aws-sdk/nested-clients": "npm:^3.997.43"
    "@aws-sdk/types": "npm:^3.974.4"
    "@smithy/core": "npm:^3.31.1"
    "@smithy/types": "npm:^4.16.1"
    tslib: "npm:^2.6.2"
  checksum: 10c0/15fb81fb904a47aee0f2954b66b21c5e3358499b7f33dea3546de5d6d82793bac1774bb53f57c8c396a277861d20a13b4bcf22df5dcae39559825938eed1f307
  languageName: node
  linkType: hard

"@aws-sdk/credential-provider-node@npm:^3.972.80":
  version: 3.972.80
  resolution: "@aws-sdk/credential-provider-node@npm:3.972.80"
  dependencies:
    "@aws-sdk/credential-provider-env": "npm:^3.972.69"
    "@aws-sdk/credential-provider-http": "npm:^3.972.71"
    "@aws-sdk/credential-provider-ini": "npm:^3.973.14"
    "@aws-sdk/credential-provider-process": "npm:^3.972.69"
    "@aws-sdk/credential-provider-sso": "npm:^3.973.13"
    "@aws-sdk/credential-provider-web-identity": "npm:^3.972.75"
    "@aws-sdk/types": "npm:^3.974.4"
    "@smithy/core": "npm:^3.31.1"
    "@smithy/credential-provider-imds": "npm:^4.4.16"
    "@smithy/types": "npm:^4.16.1"
    tslib: "npm:^2.6.2"
  checksum: 10c0/e3c679e83bb81e9946a67f67578f9b81813c03d8ebea80d811f3cabb7bbf4c87659be9bbe4de2ad95b4da180189e949d99c632141c9964162ca6c3a8d69aa601
  languageName: node
  linkType: hard

"@aws-sdk/credential-provider-process@npm:^3.972.69":
  version: 3.972.69
  resolution: "@aws-sdk/credential-provider-process@npm:3.972.69"
  dependencies:
    "@aws-sdk/core": "npm:^3.977.8"
    "@aws-sdk/types": "npm:^3.974.4"
    "@smithy/core": "npm:^3.31.1"
    "@smithy/types": "npm:^4.16.1"
    tslib: "npm:^2.6.2"
  checksum: 10c0/73216e292ee76085c92108237e52c4c6ec9f6fdcfcb87ad9388a829fe590e0464b6b7887dd8365f4ecb0db1f4a35eb14c0874c908b9e79a6de5003d6b72d2551
  languageName: node
  linkType: hard

"@aws-sdk/credential-provider-sso@npm:^3.973.13":
  version: 3.973.13
  resolution: "@aws-sdk/credential-provider-sso@npm:3.973.13"
  dependencies:
    "@aws-sdk/core": "npm:^3.977.8"
    "@aws-sdk/nested-clients": "npm:^3.997.43"
    "@aws-sdk/token-providers": "npm:3.1111.0"
    "@aws-sdk/types": "npm:^3.974.4"
    "@smithy/core": "npm:^3.31.1"
    "@smithy/types": "npm:^4.16.1"
    tslib: "npm:^2.6.2"
  checksum: 10c0/b9b628c2dd54770f6e54687c73745f33eb6f4baf53dc48f8b340cc6b245f0759ee5801f5d2446da4f8a8c17b4665d5e5da489381947ef1d997ae511d79bd8e4d
  languageName: node
  linkType: hard

"@aws-sdk/credential-provider-web-identity@npm:^3.972.75":
  version: 3.972.75
  resolution: "@aws-sdk/credential-provider-web-identity@npm:3.972.75"
  dependencies:
    "@aws-sdk/core": "npm:^3.977.8"
    "@aws-sdk/nested-clients": "npm:^3.997.43"
    "@aws-sdk/types": "npm:^3.974.4"
    "@smithy/core": "npm:^3.31.1"
    "@smithy/types": "npm:^4.16.1"
    tslib: "npm:^2.6.2"
  checksum: 10c0/2b84691ae132f0cb146a8240991fa31295f6112423a1314979a424c2408124fc92b8b76bf74ce1d442777e7dc39dcc910ab29bacd26e02af49ac6b0e7330e538
  languageName: node
  linkType: hard

"@aws-sdk/credential-providers@npm:^3.967.0":
  version: 3.1112.0
  resolution: "@aws-sdk/credential-providers@npm:3.1112.0"
  dependencies:
    "@aws-sdk/core": "npm:^3.977.8"
    "@aws-sdk/credential-provider-cognito-identity": "npm:^3.972.68"
    "@aws-sdk/credential-provider-env": "npm:^3.972.69"
    "@aws-sdk/credential-provider-http": "npm:^3.972.71"
    "@aws-sdk/credential-provider-ini": "npm:^3.973.14"
    "@aws-sdk/credential-provider-login": "npm:^3.972.76"
    "@aws-sdk/credential-provider-node": "npm:^3.972.80"
    "@aws-sdk/credential-provider-process": "npm:^3.972.69"
    "@aws-sdk/credential-provider-sso": "npm:^3.973.13"
    "@aws-sdk/credential-provider-web-identity": "npm:^3.972.75"
    "@aws-sdk/nested-clients": "npm:^3.997.43"
    "@aws-sdk/types": "npm:^3.974.4"
    "@smithy/core": "npm:^3.31.1"
    "@smithy/credential-provider-imds": "npm:^4.4.16"
    "@smithy/types": "npm:^4.16.1"
    tslib: "npm:^2.6.2"
  checksum: 10c0/3ebb2646b05e1e49ed141d65fee14b5defb869715bede21be47021e3eed08d9fc78b59f0e35796d4c7f4f9b7e940a0eaa605867285fba862fc9cac44d8f53089
  languageName: node
  linkType: hard

"@aws-sdk/nested-clients@npm:^3.997.43":
  version: 3.997.43
  resolution: "@aws-sdk/nested-clients@npm:3.997.43"
  dependencies:
    "@aws-sdk/core": "npm:^3.977.8"
    "@aws-sdk/signature-v4-multi-region": "npm:^3.996.45"
    "@aws-sdk/types": "npm:^3.974.4"
    "@smithy/core": "npm:^3.31.1"
    "@smithy/fetch-http-handler": "npm:^5.6.13"
    "@smithy/node-http-handler": "npm:^4.9.13"
    "@smithy/types": "npm:^4.16.1"
    tslib: "npm:^2.6.2"
  checksum: 10c0/ed4ed90c77b2538dc2a356d2d8dd9b9ac56d3a92e7230541a0d7c6879449c41553c1b680263fb7bc783ad2898b5b31bd321c0eb7c05719f446d8662268ed4a98
  languageName: node
  linkType: hard

"@aws-sdk/signature-v4-multi-region@npm:^3.996.45":
  version: 3.996.45
  resolution: "@aws-sdk/signature-v4-multi-region@npm:3.996.45"
  dependencies:
    "@aws-sdk/types": "npm:^3.974.4"
    "@smithy/signature-v4": "npm:^5.6.12"
    "@smithy/types": "npm:^4.16.1"
    tslib: "npm:^2.6.2"
  checksum: 10c0/ffa87cfef6a90a9f2b122eb9c1cb88cc70062f9ad22f8a2b88d16ea6d52b5a26fc5d3a85647feab7c4938bce1d7d0d749c7793120d7781045281a2b6221740cb
  languageName: node
  linkType: hard

"@aws-sdk/token-providers@npm:3.1111.0":
  version: 3.1111.0
  resolution: "@aws-sdk/token-providers@npm:3.1111.0"
  dependencies:
    "@aws-sdk/core": "npm:^3.977.8"
    "@aws-sdk/nested-clients": "npm:^3.997.43"
    "@aws-sdk/types": "npm:^3.974.4"
    "@smithy/core": "npm:^3.31.1"
    "@smithy/types": "npm:^4.16.1"
    tslib: "npm:^2.6.2"
  checksum: 10c0/845dae0fac654149f733dc3ae740d8745b586b2abfc848d20b11ab044a51506a972ebdc29ee402e160b359c2f1a2d61c723ed676022b65ff97af2e3266b843af
  languageName: node
  linkType: hard

"@aws-sdk/types@npm:^3.974.4":
  version: 3.974.4
  resolution: "@aws-sdk/types@npm:3.974.4"
  dependencies:
    "@smithy/types": "npm:^4.16.1"
    tslib: "npm:^2.6.2"
  checksum: 10c0/64f6ed62d7da705c6af02ec3579f49a9dee800d198fcbdf5b2b6a11cc5f03f64f5105429edc5a454fc3c8672237dfa851d6002ec24a25914267750f63e184e1b
  languageName: node
  linkType: hard

"@aws-sdk/xml-builder@npm:^3.972.39":
  version: 3.972.39
  resolution: "@aws-sdk/xml-builder@npm:3.972.39"
  dependencies:
    "@smithy/types": "npm:^4.16.1"
    tslib: "npm:^2.6.2"
  checksum: 10c0/0f217f53264c943aaeba61450b95a479adaf435bfb19716a2cefb9f6f2b90848e202eb210ecc9371616138c9c0ae931294033582ee1aaa8288790684bef75514
  languageName: node
  linkType: hard

"@aws/lambda-invoke-store@npm:^0.3.0":
  version: 0.3.0
  resolution: "@aws/lambda-invoke-store@npm:0.3.0"
  checksum: 10c0/b4a2e6b3b5397bc606053e64270d26dc5c886336f88a98cad587b1592eec17058f8fb172f1827a9f0e591f3595cf8f01575c8c9b36cde38c06456f8a65204046
  languageName: node
  linkType: hard

"@esbuild/aix-ppc64@npm:0.21.5":
  version: 0.21.5
  resolution: "@esbuild/aix-ppc64@npm:0.21.5"
  conditions: os=aix & cpu=ppc64
  languageName: node
  linkType: hard

"@esbuild/android-arm64@npm:0.21.5":
  version: 0.21.5
  resolution: "@esbuild/android-arm64@npm:0.21.5"
  conditions: os=android & cpu=arm64
  languageName: node
  linkType: hard

"@esbuild/android-arm@npm:0.21.5":
  version: 0.21.5
  resolution: "@esbuild/android-arm@npm:0.21.5"
  conditions: os=android & cpu=arm
  languageName: node
  linkType: hard

"@esbuild/android-x64@npm:0.21.5":
  version: 0.21.5
  resolution: "@esbuild/android-x64@npm:0.21.5"
  conditions: os=android & cpu=x64
  languageName: node
  linkType: hard

"@esbuild/darwin-arm64@npm:0.21.5":
  version: 0.21.5
  resolution: "@esbuild/darwin-arm64@npm:0.21.5"
  conditions: os=darwin & cpu=arm64
  languageName: node
  linkType: hard

"@esbuild/darwin-x64@npm:0.21.5":
  version: 0.21.5
  resolution: "@esbuild/darwin-x64@npm:0.21.5"
  conditions: os=darwin & cpu=x64
  languageName: node
  linkType: hard

"@esbuild/freebsd-arm64@npm:0.21.5":
  version: 0.21.5
  resolution: "@esbuild/freebsd-arm64@npm:0.21.5"
  conditions: os=freebsd & cpu=arm64
  languageName: node
  linkType: hard

"@esbuild/freebsd-x64@npm:0.21.5":
  version: 0.21.5
  resolution: "@esbuild/freebsd-x64@npm:0.21.5"
  conditions: os=freebsd & cpu=x64
  languageName: node
  linkType: hard

"@esbuild/linux-arm64@npm:0.21.5":
  version: 0.21.5
  resolution: "@esbuild/linux-arm64@npm:0.21.5"
  conditions: os=linux & cpu=arm64
  languageName: node
  linkType: hard

"@esbuild/linux-arm@npm:0.21.5":
  version: 0.21.5
  resolution: "@esbuild/linux-arm@npm:0.21.5"
  conditions: os=linux & cpu=arm
  languageName: node
  linkType: hard

"@esbuild/linux-ia32@npm:0.21.5":
  version: 0.21.5
  resolution: "@esbuild/linux-ia32@npm:0.21.5"
  conditions: os=linux & cpu=ia32
  languageName: node
  linkType: hard

"@esbuild/linux-loong64@npm:0.21.5":
  version: 0.21.5
  resolution: "@esbuild/linux-loong64@npm:0.21.5"
  conditions: os=linux & cpu=loong64
  languageName: node
  linkType: hard

"@esbuild/linux-mips64el@npm:0.21.5":
  version: 0.21.5
  resolution: "@esbuild/linux-mips64el@npm:0.21.5"
  conditions: os=linux & cpu=mips64el
  languageName: node
  linkType: hard

"@esbuild/linux-ppc64@npm:0.21.5":
  version: 0.21.5
  resolution: "@esbuild/linux-ppc64@npm:0.21.5"
  conditions: os=linux & cpu=ppc64
  languageName: node
  linkType: hard

"@esbuild/linux-riscv64@npm:0.21.5":
  version: 0.21.5
  resolution: "@esbuild/linux-riscv64@npm:0.21.5"
  conditions: os=linux & cpu=riscv64
  languageName: node
  linkType: hard

"@esbuild/linux-s390x@npm:0.21.5":
  version: 0.21.5
  resolution: "@esbuild/linux-s390x@npm:0.21.5"
  conditions: os=linux & cpu=s390x
  languageName: node
  linkType: hard

"@esbuild/linux-x64@npm:0.21.5":
  version: 0.21.5
  resolution: "@esbuild/linux-x64@npm:0.21.5"
  conditions: os=linux & cpu=x64
  languageName: node
  linkType: hard

"@esbuild/netbsd-x64@npm:0.21.5":
  version: 0.21.5
  resolution: "@esbuild/netbsd-x64@npm:0.21.5"
  conditions: os=netbsd & cpu=x64
  languageName: node
  linkType: hard

"@esbuild/openbsd-x64@npm:0.21.5":
  version: 0.21.5
  resolution: "@esbuild/openbsd-x64@npm:0.21.5"
  conditions: os=openbsd & cpu=x64
  languageName: node
  linkType: hard

"@esbuild/sunos-x64@npm:0.21.5":
  version: 0.21.5
  resolution: "@esbuild/sunos-x64@npm:0.21.5"
  conditions: os=sunos & cpu=x64
  languageName: node
  linkType: hard

"@esbuild/win32-arm64@npm:0.21.5":
  version: 0.21.5
  resolution: "@esbuild/win32-arm64@npm:0.21.5"
  conditions: os=win32 & cpu=arm64
  languageName: node
  linkType: hard

"@esbuild/win32-ia32@npm:0.21.5":
  version: 0.21.5
  resolution: "@esbuild/win32-ia32@npm:0.21.5"
  conditions: os=win32 & cpu=ia32
  languageName: node
  linkType: hard

"@esbuild/win32-x64@npm:0.21.5":
  version: 0.21.5
  resolution: "@esbuild/win32-x64@npm:0.21.5"
  conditions: os=win32 & cpu=x64
  languageName: node
  linkType: hard

"@isaacs/fs-minipass@npm:^4.0.0":
  version: 4.0.1
  resolution: "@isaacs/fs-minipass@npm:4.0.1"
  dependencies:
    minipass: "npm:^7.0.4"
  checksum: 10c0/c25b6dc1598790d5b55c0947a9b7d111cfa92594db5296c3b907e2f533c033666f692a3939eadac17b1c7c40d362d0b0635dc874cbfe3e70db7c2b07cc97a5d2
  languageName: node
  linkType: hard

"@napi-rs/lzma-linux-x64-gnu@npm:1.5.1":
  version: 1.5.1
  resolution: "@napi-rs/lzma-linux-x64-gnu@npm:1.5.1"
  conditions: os=linux & cpu=x64 & libc=glibc
  languageName: node
  linkType: hard

"@rollup/rollup-android-arm-eabi@npm:4.62.4":
  version: 4.62.4
  resolution: "@rollup/rollup-android-arm-eabi@npm:4.62.4"
  conditions: os=android & cpu=arm
  languageName: node
  linkType: hard

"@rollup/rollup-android-arm64@npm:4.62.4":
  version: 4.62.4
  resolution: "@rollup/rollup-android-arm64@npm:4.62.4"
  conditions: os=android & cpu=arm64
  languageName: node
  linkType: hard

"@rollup/rollup-darwin-arm64@npm:4.62.4":
  version: 4.62.4
  resolution: "@rollup/rollup-darwin-arm64@npm:4.62.4"
  conditions: os=darwin & cpu=arm64
  languageName: node
  linkType: hard

"@rollup/rollup-darwin-x64@npm:4.62.4":
  version: 4.62.4
  resolution: "@rollup/rollup-darwin-x64@npm:4.62.4"
  conditions: os=darwin & cpu=x64
  languageName: node
  linkType: hard

"@rollup/rollup-freebsd-arm64@npm:4.62.4":
  version: 4.62.4
  resolution: "@rollup/rollup-freebsd-arm64@npm:4.62.4"
  conditions: os=freebsd & cpu=arm64
  languageName: node
  linkType: hard

"@rollup/rollup-freebsd-x64@npm:4.62.4":
  version: 4.62.4
  resolution: "@rollup/rollup-freebsd-x64@npm:4.62.4"
  conditions: os=freebsd & cpu=x64
  languageName: node
  linkType: hard

"@rollup/rollup-linux-arm-gnueabihf@npm:4.62.4":
  version: 4.62.4
  resolution: "@rollup/rollup-linux-arm-gnueabihf@npm:4.62.4"
  conditions: os=linux & cpu=arm & libc=glibc
  languageName: node
  linkType: hard

"@rollup/rollup-linux-arm-musleabihf@npm:4.62.4":
  version: 4.62.4
  resolution: "@rollup/rollup-linux-arm-musleabihf@npm:4.62.4"
  conditions: os=linux & cpu=arm & libc=musl
  languageName: node
  linkType: hard

"@rollup/rollup-linux-arm64-gnu@npm:4.62.4":
  version: 4.62.4
  resolution: "@rollup/rollup-linux-arm64-gnu@npm:4.62.4"
  conditions: os=linux & cpu=arm64 & libc=glibc
  languageName: node
  linkType: hard

"@rollup/rollup-linux-arm64-musl@npm:4.62.4":
  version: 4.62.4
  resolution: "@rollup/rollup-linux-arm64-musl@npm:4.62.4"
  conditions: os=linux & cpu=arm64 & libc=musl
  languageName: node
  linkType: hard

"@rollup/rollup-linux-loong64-gnu@npm:4.62.4":
  version: 4.62.4
  resolution: "@rollup/rollup-linux-loong64-gnu@npm:4.62.4"
  conditions: os=linux & cpu=loong64 & libc=glibc
  languageName: node
  linkType: hard

"@rollup/rollup-linux-loong64-musl@npm:4.62.4":
  version: 4.62.4
  resolution: "@rollup/rollup-linux-loong64-musl@npm:4.62.4"
  conditions: os=linux & cpu=loong64 & libc=musl
  languageName: node
  linkType: hard

"@rollup/rollup-linux-ppc64-gnu@npm:4.62.4":
  version: 4.62.4
  resolution: "@rollup/rollup-linux-ppc64-gnu@npm:4.62.4"
  conditions: os=linux & cpu=ppc64 & libc=glibc
  languageName: node
  linkType: hard

"@rollup/rollup-linux-ppc64-musl@npm:4.62.4":
  version: 4.62.4
  resolution: "@rollup/rollup-linux-ppc64-musl@npm:4.62.4"
  conditions: os=linux & cpu=ppc64 & libc=musl
  languageName: node
  linkType: hard

"@rollup/rollup-linux-riscv64-gnu@npm:4.62.4":
  version: 4.62.4
  resolution: "@rollup/rollup-linux-riscv64-gnu@npm:4.62.4"
  conditions: os=linux & cpu=riscv64 & libc=glibc
  languageName: node
  linkType: hard

"@rollup/rollup-linux-riscv64-musl@npm:4.62.4":
  version: 4.62.4
  resolution: "@rollup/rollup-linux-riscv64-musl@npm:4.62.4"
  conditions: os=linux & cpu=riscv64 & libc=musl
  languageName: node
  linkType: hard

"@rollup/rollup-linux-s390x-gnu@npm:4.62.4":
  version: 4.62.4
  resolution: "@rollup/rollup-linux-s390x-gnu@npm:4.62.4"
  conditions: os=linux & cpu=s390x & libc=glibc
  languageName: node
  linkType: hard

"@rollup/rollup-linux-x64-gnu@npm:4.62.4":
  version: 4.62.4
  resolution: "@rollup/rollup-linux-x64-gnu@npm:4.62.4"
  conditions: os=linux & cpu=x64 & libc=glibc
  languageName: node
  linkType: hard

"@rollup/rollup-linux-x64-musl@npm:4.62.4":
  version: 4.62.4
  resolution: "@rollup/rollup-linux-x64-musl@npm:4.62.4"
  conditions: os=linux & cpu=x64 & libc=musl
  languageName: node
  linkType: hard

"@rollup/rollup-openbsd-x64@npm:4.62.4":
  version: 4.62.4
  resolution: "@rollup/rollup-openbsd-x64@npm:4.62.4"
  conditions: os=openbsd & cpu=x64
  languageName: node
  linkType: hard

"@rollup/rollup-openharmony-arm64@npm:4.62.4":
  version: 4.62.4
  resolution: "@rollup/rollup-openharmony-arm64@npm:4.62.4"
  conditions: os=openharmony & cpu=arm64
  languageName: node
  linkType: hard

"@rollup/rollup-win32-arm64-msvc@npm:4.62.4":
  version: 4.62.4
  resolution: "@rollup/rollup-win32-arm64-msvc@npm:4.62.4"
  conditions: os=win32 & cpu=arm64
  languageName: node
  linkType: hard

"@rollup/rollup-win32-ia32-msvc@npm:4.62.4":
  version: 4.62.4
  resolution: "@rollup/rollup-win32-ia32-msvc@npm:4.62.4"
  conditions: os=win32 & cpu=ia32
  languageName: node
  linkType: hard

"@rollup/rollup-win32-x64-gnu@npm:4.62.4":
  version: 4.62.4
  resolution: "@rollup/rollup-win32-x64-gnu@npm:4.62.4"
  conditions: os=win32 & cpu=x64
  languageName: node
  linkType: hard

"@rollup/rollup-win32-x64-msvc@npm:4.62.4":
  version: 4.62.4
  resolution: "@rollup/rollup-win32-x64-msvc@npm:4.62.4"
  conditions: os=win32 & cpu=x64
  languageName: node
  linkType: hard

"@smithy/core@npm:^3.31.1, @smithy/core@npm:^3.33.2":
  version: 3.33.2
  resolution: "@smithy/core@npm:3.33.2"
  dependencies:
    "@smithy/types": "npm:^4.17.2"
    tslib: "npm:^2.6.2"
  checksum: 10c0/3fc6a0f646c7e2d060d10eac3cff4c964614fdd0b0b53bab6c2b014ca68158800a1c0ff1cd93075226702c4b4810a56a821cb08c84ff12147cc2120c82c487f9
  languageName: node
  linkType: hard

"@smithy/credential-provider-imds@npm:^4.4.16":
  version: 4.5.2
  resolution: "@smithy/credential-provider-imds@npm:4.5.2"
  dependencies:
    "@smithy/core": "npm:^3.33.2"
    "@smithy/types": "npm:^4.17.2"
    tslib: "npm:^2.6.2"
  checksum: 10c0/d5481a7797a1f485849d92f6c188cfb9411736ae2469e27394b863e107dd1024266baa8e3a62cfc3f75b3abfd84b3c389955a0e96b64c4ad90462c70bbe66ab0
  languageName: node
  linkType: hard

"@smithy/fetch-http-handler@npm:^5.6.13":
  version: 5.7.2
  resolution: "@smithy/fetch-http-handler@npm:5.7.2"
  dependencies:
    "@smithy/core": "npm:^3.33.2"
    "@smithy/types": "npm:^4.17.2"
    tslib: "npm:^2.6.2"
  checksum: 10c0/9f4541cb743a5207f33d6abd135642a5310cc24f0ed5d46836bf3692901110216f64e09df977488a652762332156fe914b934c780f6a95ef8b1c7d3235c99c7f
  languageName: node
  linkType: hard

"@smithy/hash-node@npm:^4.2.12":
  version: 4.5.2
  resolution: "@smithy/hash-node@npm:4.5.2"
  dependencies:
    "@smithy/core": "npm:^3.33.2"
    tslib: "npm:^2.6.2"
  checksum: 10c0/ef8195c3cb0811fbc72f0ac187f1cb1ca4f8ad47495520f1a7108a21ac85c8501d47219858b8b4274ad420f4cdf1e4628ddc38a29adb5ea23553d4197f1378a3
  languageName: node
  linkType: hard

"@smithy/node-http-handler@npm:^4.9.13":
  version: 4.11.2
  resolution: "@smithy/node-http-handler@npm:4.11.2"
  dependencies:
    "@smithy/core": "npm:^3.33.2"
    "@smithy/types": "npm:^4.17.2"
    tslib: "npm:^2.6.2"
  checksum: 10c0/5fcf6c94fc820cd43532088ac624cc5e569b94f7bb508f4f2b6146274d74527c340073745d8341a5e90e6591a1047d58c4ed09d8e0f36076ffc6fd9d7da2dd65
  languageName: node
  linkType: hard

"@smithy/signature-v4@npm:^5.3.12, @smithy/signature-v4@npm:^5.6.12":
  version: 5.7.2
  resolution: "@smithy/signature-v4@npm:5.7.2"
  dependencies:
    "@smithy/core": "npm:^3.33.2"
    "@smithy/types": "npm:^4.17.2"
    tslib: "npm:^2.6.2"
  checksum: 10c0/b6534fe32ec3257550cd80b2e2920fda1267c93459d47b61b9db15434b50eec9afaeba4d372f72403bc0edba9252b4dbb58b2aaeca174e23d806fe646aa703c6
  languageName: node
  linkType: hard

"@smithy/types@npm:^4.16.1, @smithy/types@npm:^4.17.2":
  version: 4.17.2
  resolution: "@smithy/types@npm:4.17.2"
  dependencies:
    tslib: "npm:^2.6.2"
  checksum: 10c0/7a11f38e6dacdf2247c17bcd50a68ce6200a09dc6a7ecd8d563de94855a25c1da45c4d98f586e3c6fe94727ddbbde6d88ff212ac8eabf7d49779902d1a99a715
  languageName: node
  linkType: hard

"@types/estree@npm:1.0.9":
  version: 1.0.9
  resolution: "@types/estree@npm:1.0.9"
  checksum: 10c0/3ad3286ca2988cd550dafb8f2ad599c8474868e954fa601a36655bdfefd8039f7c714b8c1c7f2ae219ffbd58bd4660e66fa7479a0120fc02d4777057d4865387
  languageName: node
  linkType: hard

"abbrev@npm:^5.0.0":
  version: 5.0.0
  resolution: "abbrev@npm:5.0.0"
  checksum: 10c0/8e88f5c798ea4562d28c5a3e9ad69e3879890bc5d695d8f2dffb8609be4c890aacc8f80ef4553fdd2c6a62d70c2ce8bc57b38074e383beb7487bdafa9ed42ea5
  languageName: node
  linkType: hard

"antlr4ng@npm:3.0.16":
  version: 3.0.16
  resolution: "antlr4ng@npm:3.0.16"
  checksum: 10c0/01b51d1d73ca12f22dfcf723ba3d769f47b02c32618bc729e3bd227334fa154a0a40b16b0e3d1f245fa5756bf4ebbb94deb296a23d73f052dc90be6a2c477d11
  languageName: node
  linkType: hard

"base64-js@npm:^1.3.1":
  version: 1.5.1
  resolution: "base64-js@npm:1.5.1"
  checksum: 10c0/f23823513b63173a001030fae4f2dabe283b99a9d324ade3ad3d148e218134676f1ee8568c877cd79ec1c53158dcf2d2ba527a97c606618928ba99dd930102bf
  languageName: node
  linkType: hard

"bowser@npm:^2.11.0":
  version: 2.14.1
  resolution: "bowser@npm:2.14.1"
  checksum: 10c0/bb69b55ba7f0456e3dc07d0cfd9467f985581f640ba8fd426b08754a6737ee0d6cf3b50607941e5255f04c83075b952ece0599f978dd4d20f1e95461104c5ffd
  languageName: node
  linkType: hard

"browser@workspace:.":
  version: 0.0.0-use.local
  resolution: "browser@workspace:."
  dependencies:
    colorjs.io: "npm:^0.5.0"
    cytoscape: "npm:^3.28.1"
    gremlin: "portal:../.."
    vite: "npm:^5.1.4"
  languageName: unknown
  linkType: soft

"buffer@npm:^6.0.3":
  version: 6.0.3
  resolution: "buffer@npm:6.0.3"
  dependencies:
    base64-js: "npm:^1.3.1"
    ieee754: "npm:^1.2.1"
  checksum: 10c0/2a905fbbcde73cc5d8bd18d1caa23715d5f83a5935867c2329f0ac06104204ba7947be098fe1317fbd8830e26090ff8e764f08cd14fefc977bb248c3487bcbd0
  languageName: node
  linkType: hard

"chownr@npm:^3.0.0":
  version: 3.0.0
  resolution: "chownr@npm:3.0.0"
  checksum: 10c0/43925b87700f7e3893296c8e9c56cc58f926411cce3a6e5898136daaf08f08b9a8eb76d37d3267e707d0dcc17aed2e2ebdf5848c0c3ce95cf910a919935c1b10
  languageName: node
  linkType: hard

"colorjs.io@npm:^0.5.0":
  version: 0.5.2
  resolution: "colorjs.io@npm:0.5.2"
  checksum: 10c0/2e6ea43629e325e721b92429239de3a6f42fb6d88ba6e4c2aeff0288c196d876f2f7ee82aea95bd40072d5cdc8cb87f042f4d94c134dcabf0e34a717e4caacb9
  languageName: node
  linkType: hard

"cytoscape@npm:^3.28.1":
  version: 3.34.1
  resolution: "cytoscape@npm:3.34.1"
  checksum: 10c0/1fefc274d8fbbb59273606d71e7875bfe6d7b7f3cafbd5af0083b1b19a431af93440c7273c0896ce5002ccdd54e28cfa4b0d54638017c69ebba0c1860a1c282b
  languageName: node
  linkType: hard

"env-paths@npm:^2.2.0":
  version: 2.2.1
  resolution: "env-paths@npm:2.2.1"
  checksum: 10c0/285325677bf00e30845e330eec32894f5105529db97496ee3f598478e50f008c5352a41a30e5e72ec9de8a542b5a570b85699cd63bd2bc646dbcb9f311d83bc4
  languageName: node
  linkType: hard

"esbuild@npm:^0.21.3":
  version: 0.21.5
  resolution: "esbuild@npm:0.21.5"
  dependencies:
    "@esbuild/aix-ppc64": "npm:0.21.5"
    "@esbuild/android-arm": "npm:0.21.5"
    "@esbuild/android-arm64": "npm:0.21.5"
    "@esbuild/android-x64": "npm:0.21.5"
    "@esbuild/darwin-arm64": "npm:0.21.5"
    "@esbuild/darwin-x64": "npm:0.21.5"
    "@esbuild/freebsd-arm64": "npm:0.21.5"
    "@esbuild/freebsd-x64": "npm:0.21.5"
    "@esbuild/linux-arm": "npm:0.21.5"
    "@esbuild/linux-arm64": "npm:0.21.5"
    "@esbuild/linux-ia32": "npm:0.21.5"
    "@esbuild/linux-loong64": "npm:0.21.5"
    "@esbuild/linux-mips64el": "npm:0.21.5"
    "@esbuild/linux-ppc64": "npm:0.21.5"
    "@esbuild/linux-riscv64": "npm:0.21.5"
    "@esbuild/linux-s390x": "npm:0.21.5"
    "@esbuild/linux-x64": "npm:0.21.5"
    "@esbuild/netbsd-x64": "npm:0.21.5"
    "@esbuild/openbsd-x64": "npm:0.21.5"
    "@esbuild/sunos-x64": "npm:0.21.5"
    "@esbuild/win32-arm64": "npm:0.21.5"
    "@esbuild/win32-ia32": "npm:0.21.5"
    "@esbuild/win32-x64": "npm:0.21.5"
  dependenciesMeta:
    "@esbuild/aix-ppc64":
      optional: true
    "@esbuild/android-arm":
      optional: true
    "@esbuild/android-arm64":
      optional: true
    "@esbuild/android-x64":
      optional: true
    "@esbuild/darwin-arm64":
      optional: true
    "@esbuild/darwin-x64":
      optional: true
    "@esbuild/freebsd-arm64":
      optional: true
    "@esbuild/freebsd-x64":
      optional: true
    "@esbuild/linux-arm":
      optional: true
    "@esbuild/linux-arm64":
      optional: true
    "@esbuild/linux-ia32":
      optional: true
    "@esbuild/linux-loong64":
      optional: true
    "@esbuild/linux-mips64el":
      optional: true
    "@esbuild/linux-ppc64":
      optional: true
    "@esbuild/linux-riscv64":
      optional: true
    "@esbuild/linux-s390x":
      optional: true
    "@esbuild/linux-x64":
      optional: true
    "@esbuild/netbsd-x64":
      optional: true
    "@esbuild/openbsd-x64":
      optional: true
    "@esbuild/sunos-x64":
      optional: true
    "@esbuild/win32-arm64":
      optional: true
    "@esbuild/win32-ia32":
      optional: true
    "@esbuild/win32-x64":
      optional: true
  bin:
    esbuild: bin/esbuild
  checksum: 10c0/fa08508adf683c3f399e8a014a6382a6b65542213431e26206c0720e536b31c09b50798747c2a105a4bbba1d9767b8d3615a74c2f7bf1ddf6d836cd11eb672de
  languageName: node
  linkType: hard

"eventemitter3@npm:^5.0.1":
  version: 5.0.4
  resolution: "eventemitter3@npm:5.0.4"
  checksum: 10c0/575b8cac8d709e1473da46f8f15ef311b57ff7609445a7c71af5cd42598583eee6f098fa7a593e30f27e94b8865642baa0689e8fa97c016f742abdb3b1bf6d9a
  languageName: node
  linkType: hard

"exponential-backoff@npm:^3.1.1":
  version: 3.1.3
  resolution: "exponential-backoff@npm:3.1.3"
  checksum: 10c0/77e3ae682b7b1f4972f563c6dbcd2b0d54ac679e62d5d32f3e5085feba20483cf28bd505543f520e287a56d4d55a28d7874299941faf637e779a1aa5994d1267
  languageName: node
  linkType: hard

"fdir@npm:^6.5.0":
  version: 6.5.0
  resolution: "fdir@npm:6.5.0"
  peerDependencies:
    picomatch: ^3 || ^4
  peerDependenciesMeta:
    picomatch:
      optional: true
  checksum: 10c0/e345083c4306b3aed6cb8ec551e26c36bab5c511e99ea4576a16750ddc8d3240e63826cc624f5ae17ad4dc82e68a253213b60d556c11bfad064b7607847ed07f
  languageName: node
  linkType: hard

"fsevents@npm:~2.3.2, fsevents@npm:~2.3.3":
  version: 2.3.3
  resolution: "fsevents@npm:2.3.3"
  dependencies:
    node-gyp: "npm:latest"
  checksum: 10c0/a1f0c44595123ed717febbc478aa952e47adfc28e2092be66b8ab1635147254ca6cfe1df792a8997f22716d4cbafc73309899ff7bfac2ac3ad8cf2e4ecc3ec60
  conditions: os=darwin
  languageName: node
  linkType: hard

"fsevents@patch:fsevents@npm%3A~2.3.2#optional!builtin<compat/fsevents>, fsevents@patch:fsevents@npm%3A~2.3.3#optional!builtin<compat/fsevents>":
  version: 2.3.3
  resolution: "fsevents@patch:fsevents@npm%3A2.3.3#optional!builtin<compat/fsevents>::version=2.3.3&hash=df0bf1"
  dependencies:
    node-gyp: "npm:latest"
  conditions: os=darwin
  languageName: node
  linkType: hard

"graceful-fs@npm:^4.2.6":
  version: 4.2.11
  resolution: "graceful-fs@npm:4.2.11"
  checksum: 10c0/386d011a553e02bc594ac2ca0bd6d9e4c22d7fa8cfbfc448a6d148c59ea881b092db9dbe3547ae4b88e55f1b01f7c4a2ecc53b310c042793e63aa44cf6c257f2
  languageName: node
  linkType: hard

"gremlin@portal:../..::locator=browser%40workspace%3A.":
  version: 0.0.0-use.local
  resolution: "gremlin@portal:../..::locator=browser%40workspace%3A."
  dependencies:
    "@aws-sdk/credential-providers": "npm:^3.967.0"
    "@smithy/hash-node": "npm:^4.2.12"
    "@smithy/signature-v4": "npm:^5.3.12"
    antlr4ng: "npm:3.0.16"
    buffer: "npm:^6.0.3"
    eventemitter3: "npm:^5.0.1"
    undici: "npm:6.28.0"
  dependenciesMeta:
    "@aws-sdk/credential-providers":
      optional: true
    "@smithy/hash-node":
      optional: true
    "@smithy/signature-v4":
      optional: true
  languageName: node
  linkType: soft

"ieee754@npm:^1.2.1":
  version: 1.2.1
  resolution: "ieee754@npm:1.2.1"
  checksum: 10c0/b0782ef5e0935b9f12883a2e2aa37baa75da6e66ce6515c168697b42160807d9330de9a32ec1ed73149aea02e0d822e572bca6f1e22bdcbd2149e13b050b17bb
  languageName: node
  linkType: hard

"isexe@npm:^4.0.0":
  version: 4.0.0
  resolution: "isexe@npm:4.0.0"
  checksum: 10c0/5884815115bceac452877659a9c7726382531592f43dc29e5d48b7c4100661aed54018cb90bd36cb2eaeba521092570769167acbb95c18d39afdccbcca06c5ce
  languageName: node
  linkType: hard

"minipass@npm:^7.0.4, minipass@npm:^7.1.2":
  version: 7.1.3
  resolution: "minipass@npm:7.1.3"
  checksum: 10c0/539da88daca16533211ea5a9ee98dc62ff5742f531f54640dd34429e621955e91cc280a91a776026264b7f9f6735947629f920944e9c1558369e8bf22eb33fbb
  languageName: node
  linkType: hard

"minizlib@npm:^3.1.0":
  version: 3.1.0
  resolution: "minizlib@npm:3.1.0"
  dependencies:
    minipass: "npm:^7.1.2"
  checksum: 10c0/5aad75ab0090b8266069c9aabe582c021ae53eb33c6c691054a13a45db3b4f91a7fb1bd79151e6b4e9e9a86727b522527c0a06ec7d45206b745d54cd3097bcec
  languageName: node
  linkType: hard

"nanoid@npm:^3.3.17":
  version: 3.3.18
  resolution: "nanoid@npm:3.3.18"
  bin:
    nanoid: bin/nanoid.cjs
  checksum: 10c0/b994b4e396730f8be2520923284e2040d61eaee55cc6d4935ef6d38d34bafdc46133eda4d3faea5073bda545aa6079d82b886caeac5c731cf9ac18bcc1301425
  languageName: node
  linkType: hard

"node-gyp@npm:latest":
  version: 13.0.1
  resolution: "node-gyp@npm:13.0.1"
  dependencies:
    env-paths: "npm:^2.2.0"
    exponential-backoff: "npm:^3.1.1"
    graceful-fs: "npm:^4.2.6"
    nopt: "npm:^10.0.0"
    proc-log: "npm:^7.0.0"
    semver: "npm:^7.3.5"
    tar: "npm:^7.5.4"
    tinyglobby: "npm:^0.2.12"
    undici: "npm:^8.4.1"
    which: "npm:^7.0.0"
  bin:
    node-gyp: bin/node-gyp.js
  checksum: 10c0/424077bc9e9bbe953a8e86db473ba818cbc6a121714008c977fd589e21e5f0c811fbf22faac730dc7182450b5e52df301811d01ae3373898658d999b7710f4e6
  languageName: node
  linkType: hard

"nopt@npm:^10.0.0":
  version: 10.0.1
  resolution: "nopt@npm:10.0.1"
  dependencies:
    abbrev: "npm:^5.0.0"
  bin:
    nopt: bin/nopt.js
  checksum: 10c0/980d89257f9587f3e1f77877ddbf905d6aa3b738ec33e49a4fa1a059a0dd82eb28063982b150654a7ae9de386f2ead60e56172db7d37cf56de545f7392a2a26a
  languageName: node
  linkType: hard

"picocolors@npm:^1.1.1":
  version: 1.1.1
  resolution: "picocolors@npm:1.1.1"
  checksum: 10c0/e2e3e8170ab9d7c7421969adaa7e1b31434f789afb9b3f115f6b96d91945041ac3ceb02e9ec6fe6510ff036bcc0bf91e69a1772edc0b707e12b19c0f2d6bcf58
  languageName: node
  linkType: hard

"picomatch@npm:^4.0.4":
  version: 4.0.5
  resolution: "picomatch@npm:4.0.5"
  checksum: 10c0/947bc6b6e1ff1e6c5aaf95b107a0839d12802f4f7b867663f67d47accba939ca1cb582cf99dfc30438efa1c4648ac5990967e783e8929c36b03e8440704ef1bd
  languageName: node
  linkType: hard

"postcss@npm:^8.4.43":
  version: 8.5.26
  resolution: "postcss@npm:8.5.26"
  dependencies:
    nanoid: "npm:^3.3.17"
    picocolors: "npm:^1.1.1"
    source-map-js: "npm:^1.2.1"
  checksum: 10c0/2bdafc00d96bd57b6649a52e458864a4bf58ee56cfdbe4aea1472b5cccc127e6c1ad653bd0bec50d211e650eb0b9270c80e1e72aff2e2fa40d9e7363234d6e43
  languageName: node
  linkType: hard

"proc-log@npm:^7.0.0":
  version: 7.0.0
  resolution: "proc-log@npm:7.0.0"
  checksum: 10c0/b89c2d862604f35fec795477b0c7e376feab3ba0d4f4d291c4e959567442697cf451ac557d0623c1cc38af45a78128b983410f397a10c5d3a67f76c33de4754b
  languageName: node
  linkType: hard

"rollup@npm:^4.20.0":
  version: 4.62.4
  resolution: "rollup@npm:4.62.4"
  dependencies:
    "@napi-rs/lzma-linux-x64-gnu": "npm:1.5.1"
    "@rollup/rollup-android-arm-eabi": "npm:4.62.4"
    "@rollup/rollup-android-arm64": "npm:4.62.4"
    "@rollup/rollup-darwin-arm64": "npm:4.62.4"
    "@rollup/rollup-darwin-x64": "npm:4.62.4"
    "@rollup/rollup-freebsd-arm64": "npm:4.62.4"
    "@rollup/rollup-freebsd-x64": "npm:4.62.4"
    "@rollup/rollup-linux-arm-gnueabihf": "npm:4.62.4"
    "@rollup/rollup-linux-arm-musleabihf": "npm:4.62.4"
    "@rollup/rollup-linux-arm64-gnu": "npm:4.62.4"
    "@rollup/rollup-linux-arm64-musl": "npm:4.62.4"
    "@rollup/rollup-linux-loong64-gnu": "npm:4.62.4"
    "@rollup/rollup-linux-loong64-musl": "npm:4.62.4"
    "@rollup/rollup-linux-ppc64-gnu": "npm:4.62.4"
    "@rollup/rollup-linux-ppc64-musl": "npm:4.62.4"
    "@rollup/rollup-linux-riscv64-gnu": "npm:4.62.4"
    "@rollup/rollup-linux-riscv64-musl": "npm:4.62.4"
    "@rollup/rollup-linux-s390x-gnu": "npm:4.62.4"
    "@rollup/rollup-linux-x64-gnu": "npm:4.62.4"
    "@rollup/rollup-linux-x64-musl": "npm:4.62.4"
    "@rollup/rollup-openbsd-x64": "npm:4.62.4"
    "@rollup/rollup-openharmony-arm64": "npm:4.62.4"
    "@rollup/rollup-win32-arm64-msvc": "npm:4.62.4"
    "@rollup/rollup-win32-ia32-msvc": "npm:4.62.4"
    "@rollup/rollup-win32-x64-gnu": "npm:4.62.4"
    "@rollup/rollup-win32-x64-msvc": "npm:4.62.4"
    "@types/estree": "npm:1.0.9"
    fsevents: "npm:~2.3.2"
  dependenciesMeta:
    "@napi-rs/lzma-linux-x64-gnu":
      optional: true
    "@rollup/rollup-android-arm-eabi":
      optional: true
    "@rollup/rollup-android-arm64":
      optional: true
    "@rollup/rollup-darwin-arm64":
      optional: true
    "@rollup/rollup-darwin-x64":
      optional: true
    "@rollup/rollup-freebsd-arm64":
      optional: true
    "@rollup/rollup-freebsd-x64":
      optional: true
    "@rollup/rollup-linux-arm-gnueabihf":
      optional: true
    "@rollup/rollup-linux-arm-musleabihf":
      optional: true
    "@rollup/rollup-linux-arm64-gnu":
      optional: true
    "@rollup/rollup-linux-arm64-musl":
      optional: true
    "@rollup/rollup-linux-loong64-gnu":
      optional: true
    "@rollup/rollup-linux-loong64-musl":
      optional: true
    "@rollup/rollup-linux-ppc64-gnu":
      optional: true
    "@rollup/rollup-linux-ppc64-musl":
      optional: true
    "@rollup/rollup-linux-riscv64-gnu":
      optional: true
    "@rollup/rollup-linux-riscv64-musl":
      optional: true
    "@rollup/rollup-linux-s390x-gnu":
      optional: true
    "@rollup/rollup-linux-x64-gnu":
      optional: true
    "@rollup/rollup-linux-x64-musl":
      optional: true
    "@rollup/rollup-openbsd-x64":
      optional: true
    "@rollup/rollup-openharmony-arm64":
      optional: true
    "@rollup/rollup-win32-arm64-msvc":
      optional: true
    "@rollup/rollup-win32-ia32-msvc":
      optional: true
    "@rollup/rollup-win32-x64-gnu":
      optional: true
    "@rollup/rollup-win32-x64-msvc":
      optional: true
    fsevents:
      optional: true
  bin:
    rollup: dist/bin/rollup
  checksum: 10c0/d83bcc89f02db337963dcd0b0d16620129cee263f8437464c02d782dde4e1bb89a6b5b511cd230317ce2c5959fb858884305a9a1a33d1d3da4eef9fe6368414b
  languageName: node
  linkType: hard

"semver@npm:^7.3.5":
  version: 7.8.5
  resolution: "semver@npm:7.8.5"
  bin:
    semver: bin/semver.js
  checksum: 10c0/b1f3127a5be8125a94f37188b361c212466c292c6910adce3ec106cff5dc211ccaedc4739c11bb70fda59d6fc1f040a9bca289f4e093451521a2372e5231fe0c
  languageName: node
  linkType: hard

"source-map-js@npm:^1.2.1":
  version: 1.2.1
  resolution: "source-map-js@npm:1.2.1"
  checksum: 10c0/7bda1fc4c197e3c6ff17de1b8b2c20e60af81b63a52cb32ec5a5d67a20a7d42651e2cb34ebe93833c5a2a084377e17455854fee3e21e7925c64a51b6a52b0faf
  languageName: node
  linkType: hard

"tar@npm:^7.5.4":
  version: 7.5.22
  resolution: "tar@npm:7.5.22"
  dependencies:
    "@isaacs/fs-minipass": "npm:^4.0.0"
    chownr: "npm:^3.0.0"
    minipass: "npm:^7.1.2"
    minizlib: "npm:^3.1.0"
    yallist: "npm:^5.0.0"
  checksum: 10c0/1311f6be85a8157ac4c9147bae43e13923d2a1aae15e4aa1bd5239e4e03d2cf53cfe103dde7f35832fbb4c938b042856bc8e9a0afd29abd05e2d1608788c4fea
  languageName: node
  linkType: hard

"tinyglobby@npm:^0.2.12":
  version: 0.2.17
  resolution: "tinyglobby@npm:0.2.17"
  dependencies:
    fdir: "npm:^6.5.0"
    picomatch: "npm:^4.0.4"
  checksum: 10c0/7f7bb0f197c88bc4b20c231e0deca4240ca3bf313a88f5a7fee93a872b84966a4d50220947c0455ad07a60b3b360961c5b7fd979222aeb716a9f99b412002e4c
  languageName: node
  linkType: hard

"tslib@npm:^2.6.2":
  version: 2.8.1
  resolution: "tslib@npm:2.8.1"
  checksum: 10c0/9c4759110a19c53f992d9aae23aac5ced636e99887b51b9e61def52611732872ff7668757d4e4c61f19691e36f4da981cd9485e869b4a7408d689f6bf1f14e62
  languageName: node
  linkType: hard

"undici@npm:6.28.0":
  version: 6.28.0
  resolution: "undici@npm:6.28.0"
  checksum: 10c0/3029a70df06b38b5b2f30732932a1e92544c753cd82c8abdf0d35afad48e0ba91612e79fe3a442dbbb9434d6a9eba2b714d5ea28984c903dda2b5d5444f38354
  languageName: node
  linkType: hard

"undici@npm:^8.4.1":
  version: 8.10.0
  resolution: "undici@npm:8.10.0"
  checksum: 10c0/37ae2b1db8f65c3a003504e2040e96887b99f9db16ba07dcf49c37ed8b7f8c72f4452f2d46f52f7c9e49518fe8325e3b5e7e02ac3a2424886bd67d4b62a0ecab
  languageName: node
  linkType: hard

"vite@npm:^5.1.4":
  version: 5.4.21
  resolution: "vite@npm:5.4.21"
  dependencies:
    esbuild: "npm:^0.21.3"
    fsevents: "npm:~2.3.3"
    postcss: "npm:^8.4.43"
    rollup: "npm:^4.20.0"
  peerDependencies:
    "@types/node": ^18.0.0 || >=20.0.0
    less: "*"
    lightningcss: ^1.21.0
    sass: "*"
    sass-embedded: "*"
    stylus: "*"
    sugarss: "*"
    terser: ^5.4.0
  dependenciesMeta:
    fsevents:
      optional: true
  peerDependenciesMeta:
    "@types/node":
      optional: true
    less:
      optional: true
    lightningcss:
      optional: true
    sass:
      optional: true
    sass-embedded:
      optional: true
    stylus:
      optional: true
    sugarss:
      optional: true
    terser:
      optional: true
  bin:
    vite: bin/vite.js
  checksum: 10c0/468336a1409f728b464160cbf02672e72271fb688d0e605e776b74a89d27e1029509eef3a3a6c755928d8011e474dbf234824d054d07960be5f23cd176bc72de
  languageName: node
  linkType: hard

"which@npm:^7.0.0":
  version: 7.0.0
  resolution: "which@npm:7.0.0"
  dependencies:
    isexe: "npm:^4.0.0"
  bin:
    node-which: bin/which.js
  checksum: 10c0/ca0b54f198f78bbc4b7c02e34bda8d335cb352e0adb4cbca1c37b1a957af3a879a82c4c27ca6525bc942f548d8b64f816ef6528360af9f3de55ffb9b979b620d
  languageName: node
  linkType: hard

"yallist@npm:^5.0.0":
  version: 5.0.0
  resolution: "yallist@npm:5.0.0"
  checksum: 10c0/a499c81ce6d4a1d260d4ea0f6d49ab4da09681e32c3f0472dee16667ed69d01dae63a3b81745a24bd78476ec4fcf856114cb4896ace738e01da34b2c42235416
  languageName: node
  linkType: hard
