{
  "name": "examples",
  "version": "1.0.0",
  "lockfileVersion": 3,
  "requires": true,
  "packages": {
    "": {
      "name": "examples",
      "version": "1.0.0",
      "license": "Apache-2.0",
      "dependencies": {
        "gremlin": "^3.7.0"
      }
    },
    "node_modules/gremlin": {
      "version": "3.7.0",
      "resolved": "https://registry.npmjs.org/gremlin/-/gremlin-3.7.0.tgz",
      "integrity": "sha512-LEjUtDEJB3ddij3VSb769b2TkLu29h30G+zrz/T9hyrnSouiOCzvgTHoMZq3wUig2O+oYLCgcPRw0iquBUoqnw==",
      "dependencies": {
        "ws": "^8.11.0"
      },
      "engines": {
        "node": ">=18"
      }
    },
    "node_modules/ws": {
      "version": "8.14.1",
      "resolved": "https://registry.npmjs.org/ws/-/ws-8.14.1.tgz",
      "integrity": "sha512-4OOseMUq8AzRBI/7SLMUwO+FEDnguetSk7KMb1sHwvF2w2Wv5Hoj0nlifx8vtGsftE/jWHojPy8sMMzYLJ2G/A==",
      "engines": {
        "node": ">=10.0.0"
      },
      "peerDependencies": {
        "bufferutil": "^4.0.1",
        "utf-8-validate": ">=5.0.2"
      },
      "peerDependenciesMeta": {
        "bufferutil": {
          "optional": true
        },
        "utf-8-validate": {
          "optional": true
        }
      }
    }
  }
}
